{
    "_meta": {
        "hash": {
            "sha256": "115dbbc4cd89f96879e4c49f78c2cdfa869e2ae24e27ea3273589310265a4faa"
        },
        "pipfile-spec": 6,
        "requires": {
            "python_version": "3.7"
        },
        "sources": [
            {
                "name": "pypi",
                "url": "https://pypi.org/simple",
                "verify_ssl": true
            }
        ]
    },
    "default": {
        "babel": {
            "hashes": [
                "sha256:af92e6106cb7c55286b25b38ad7695f8b4efb36a90ba483d7f7a6628c46158ab",
                "sha256:e86135ae101e31e2c8ec20a4e0c5220f4eed12487d5cf3f78be7e98d3a57fc28"
            ],
            "version": "==2.7.0"
        },
        "django": {
            "hashes": [
                "sha256:7c3543e4fb070d14e10926189a7fcf42ba919263b7473dceaefce34d54e8a119",
                "sha256:a2814bffd1f007805b19194eb0b9a331933b82bd5da1c3ba3d7b7ba16e06dc4b"
            ],
            "index": "pypi",
            "version": "==2.2"
        },
        "django-address": {
            "hashes": [
                "sha256:30d5a7c89ba40b0459020573d3d7335196bca9a22fbed208d5a21fbea25d1008"
            ],
            "index": "pypi",
            "version": "==0.2.1"
        },
        "django-phonenumber-field": {
            "hashes": [
                "sha256:1ab19f723928582fed412bd9844221fa4ff466276d8526b8b4a9913ee1487c5e",
                "sha256:794ebbc3068a7af75aa72a80cb0cec67e714ff8409a965968040f1fd210b2d97"
            ],
            "index": "pypi",
            "version": "==3.0.1"
        },
        "gunicorn": {
            "hashes": [
                "sha256:aa8e0b40b4157b36a5df5e599f45c9c76d6af43845ba3b3b0efe2c70473c2471",
                "sha256:fa2662097c66f920f53f70621c6c58ca4a3c4d3434205e608e121b5b3b71f4f3"
            ],
            "index": "pypi",
            "version": "==19.9.0"
        },
        "phonenumbers": {
            "hashes": [
                "sha256:617b9127dc6fd29765ca122915d3b603131446a76a587deed0b92c8db53963fe",
                "sha256:fcda95d0e4f175dc854bc8c499677fe0b26075f327d6aa5c2f05846007fc4249"
            ],
            "index": "pypi",
            "version": "==8.10.15"
        },
        "pytz": {
            "hashes": [
                "sha256:303879e36b721603cc54604edcac9d20401bdbe31e1e4fdee5b9f98d5d31dfda",
                "sha256:d747dd3d23d77ef44c6a3526e274af6efeb0a6f1afd5a69ba4d5be4098c8e141"
            ],
            "version": "==2019.1"
        },
        "sqlparse": {
            "hashes": [
                "sha256:40afe6b8d4b1117e7dff5504d7a8ce07d9a1b15aeeade8a2d10f130a834f8177",
                "sha256:7c3dca29c022744e95b547e867cee89f4fce4373f3549ccd8797d8eb52cdb873"
            ],
            "version": "==0.3.0"
        }
    },
    "develop": {}
}
